github.com/PurpleSec/switchproxy v1.6.2 h1:QYhbG0/VvxxEuPVh04/w/zX9lfrdyn8iMlaDuRCAQi0=
github.com/PurpleSec/switchproxy v1.6.2/go.mod h1:hBXOVcfyyQuoB1lh5MhvxbAO5S2LI2EEbEPg6ciu0qI=
github.com/go-sql-driver/mysql v1.7.0 h1:ueSltNNllEqE3qcWBTD0iQd3IpL/6U+mJxLkazJ7YPc=
github.com/go-sql-driver/mysql v1.7.0/go.mod h1:OXbVy3sEdcQ2Doequ6Z5BW6fXNQTmx+9S1MCJN5yJMI=
